// !$*UTF8*$!
{
	archiveVersion = 1;
	classes = {
	};
	objectVersion = 77;
	objects = {

/* Begin PBXContainerItemProxy section */
		33A3A58A2DA5E5E900DECF17 /* PBXContainerItemProxy */ = {
			isa = PBXContainerItemProxy;
			containerPortal = 33A3A5742DA5E5E200DECF17 /* Project object */;
			proxyType = 1;
			remoteGlobalIDString = 33A3A57B2DA5E5E200DECF17;
			remoteInfo = AboutMeProject;
		};
		33A3A5942DA5E5E900DECF17 /* PBXContainerItemProxy */ = {
			isa = PBXContainerItemProxy;
			containerPortal = 33A3A5742DA5E5E200DECF17 /* Project object */;
			proxyType = 1;
			remoteGlobalIDString = 33A3A57B2DA5E5E200DECF17;
			remoteInfo = AboutMeProject;
		};
/* End PBXContainerItemProxy section */

/* Begin PBXFileReference section */
		33A3A57C2DA5E5E300DECF17 /* AboutMeProject.app */ = {isa = PBXFileReference; explicitFileType = wrapper.application; includeInIndex = 0; path = AboutMeProject.app; sourceTree = BUILT_PRODUCTS_DIR; };
		33A3A5892DA5E5E900DECF17 /* AboutMeProjectTests.xctest */ = {isa = PBXFileReference; explicitFileType = wrapper.cfbundle; includeInIndex = 0; path = AboutMeProjectTests.xctest; sourceTree = BUILT_PRODUCTS_DIR; };
		33A3A5932DA5E5E900DECF17 /* AboutMeProjectUITests.xctest */ = {isa = PBXFileReference; explicitFileType = wrapper.cfbundle; includeInIndex = 0; path = AboutMeProjectUITests.xctest; sourceTree = BUILT_PRODUCTS_DIR; };
/* End PBXFileReference section */

/* Begin PBXFileSystemSynchronizedRootGroup section */
		33A3A57E2DA5E5E300DECF17 /* AboutMeProject */ = {
			isa = PBXFileSystemSynchronizedRootGroup;
			path = AboutMeProject;
			sourceTree = "<group>";
		};
		33A3A58C2DA5E5E900DECF17 /* AboutMeProjectTests */ = {
			isa = PBXFileSystemSynchronizedRootGroup;
			path = AboutMeProjectTests;
			sourceTree = "<group>";
		};
		33A3A5962DA5E5E900DECF17 /* AboutMeProjectUITests */ = {
			isa = PBXFileSystemSynchronizedRootGroup;
			path = AboutMeProjectUITests;
			sourceTree = "<group>";
		};
/* End PBXFileSystemSynchronizedRootGroup section */

/* Begin PBXFrameworksBuildPhase section */
		33A3A5792DA5E5E200DECF17 /* Frameworks */ = {
			isa = PBXFrameworksBuildPhase;
			buildActionMask = 2147483647;
			files = (
			);
			runOnlyForDeploymentPostprocessing = 0;
		};
		33A3A5862DA5E5E900DECF17 /* Frameworks */ = {
			isa = PBXFrameworksBuildPhase;
			buildActionMask = 2147483647;
			files = (
			);
			runOnlyForDeploymentPostprocessing = 0;
		};
		33A3A5902DA5E5E900DECF17 /* Frameworks */ = {
			isa = PBXFrameworksBuildPhase;
			buildActionMask = 2147483647;
			files = (
			);
			runOnlyForDeploymentPostprocessing = 0;
		};
/* End PBXFrameworksBuildPhase section */

/* Begin PBXGroup section */
		33A3A5732DA5E5E200DECF17 = {
			isa = PBXGroup;
			children = (
				33A3A57E2DA5E5E300DECF17 /* AboutMeProject */,
				33A3A58C2DA5E5E900DECF17 /* AboutMeProjectTests */,
				33A3A5962DA5E5E900DECF17 /* AboutMeProjectUITests */,
				33A3A57D2DA5E5E300DECF17 /* Products */,
			);
			sourceTree = "<group>";
		};
		33A3A57D2DA5E5E300DECF17 /* Products */ = {
			isa = PBXGroup;
			children = (
				33A3A57C2DA5E5E300DECF17 /* AboutMeProject.app */,
				33A3A5892DA5E5E900DECF17 /* AboutMeProjectTests.xctest */,
				33A3A5932DA5E5E900DECF17 /* AboutMeProjectUITests.xctest */,
			);
			name = Products;
			sourceTree = "<group>";
		};
/* End PBXGroup section */

/* Begin PBXNativeTarget section */
		33A3A57B2DA5E5E200DECF17 /* AboutMeProject */ = {
			isa = PBXNativeTarget;
			buildConfigurationList = 33A3A59D2DA5E5E900DECF17 /* Build configuration list for PBXNativeTarget "AboutMeProject" */;
			buildPhases = (
				33A3A5782DA5E5E200DECF17 /* Sources */,
				33A3A5792DA5E5E200DECF17 /* Frameworks */,
				33A3A57A2DA5E5E200DECF17 /* Resources */,
			);
			buildRules = (
			);
			dependencies = (
			);
			fileSystemSynchronizedGroups = (
				33A3A57E2DA5E5E300DECF17 /* AboutMeProject */,
			);
			name = AboutMeProject;
			packageProductDependencies = (
			);
			productName = AboutMeProject;
			productReference = 33A3A57C2DA5E5E300DECF17 /* AboutMeProject.app */;
			productType = "com.apple.product-type.application";
		};
		33A3A5882DA5E5E900DECF17 /* AboutMeProjectTests */ = {
			isa = PBXNativeTarget;
			buildConfigurationList = 33A3A5A02DA5E5E900DECF17 /* Build configuration list for PBXNativeTarget "AboutMeProjectTests" */;
			buildPhases = (
				33A3A5852DA5E5E900DECF17 /* Sources */,
				33A3A5862DA5E5E900DECF17 /* Frameworks */,
				33A3A5872DA5E5E900DECF17 /* Resources */,
			);
			buildRules = (
			);
			dependencies = (
				33A3A58B2DA5E5E900DECF17 /* PBXTargetDependency */,
			);
			fileSystemSynchronizedGroups = (
				33A3A58C2DA5E5E900DECF17 /* AboutMeProjectTests */,
			);
			name = AboutMeProjectTests;
			packageProductDependencies = (
			);
			productName = AboutMeProjectTests;
			productReference = 33A3A5892DA5E5E900DECF17 /* AboutMeProjectTests.xctest */;
			productType = "com.apple.product-type.bundle.unit-test";
		};
		33A3A5922DA5E5E900DECF17 /* AboutMeProjectUITests */ = {
			isa = PBXNativeTarget;
			buildConfigurationList = 33A3A5A32DA5E5E900DECF17 /* Build configuration list for PBXNativeTarget "AboutMeProjectUITests" */;
			buildPhases = (
				33A3A58F2DA5E5E900DECF17 /* Sources */,
				33A3A5902DA5E5E900DECF17 /* Frameworks */,
				33A3A5912DA5E5E900DECF17 /* Resources */,
			);
			buildRules = (
			);
			dependencies = (
				33A3A5952DA5E5E900DECF17 /* PBXTargetDependency */,
			);
			fileSystemSynchronizedGroups = (
				33A3A5962DA5E5E900DECF17 /* AboutMeProjectUITests */,
			);
			name = AboutMeProjectUITests;
			packageProductDependencies = (
			);
			productName = AboutMeProjectUITests;
			productReference = 33A3A5932DA5E5E900DECF17 /* AboutMeProjectUITests.xctest */;
			productType = "com.apple.product-type.bundle.ui-testing";
		};
/* End PBXNativeTarget section */

/* Begin PBXProject section */
		33A3A5742DA5E5E200DECF17 /* Project object */ = {
			isa = PBXProject;
			attributes = {
				BuildIndependentTargetsInParallel = 1;
				LastSwiftUpdateCheck = 1630;
				LastUpgradeCheck = 1630;
				TargetAttributes = {
					33A3A57B2DA5E5E200DECF17 = {
						CreatedOnToolsVersion = 16.3;
					};
					33A3A5882DA5E5E900DECF17 = {
						CreatedOnToolsVersion = 16.3;
						TestTargetID = 33A3A57B2DA5E5E200DECF17;
					};
					33A3A5922DA5E5E900DECF17 = {
						CreatedOnToolsVersion = 16.3;
						TestTargetID = 33A3A57B2DA5E5E200DECF17;
					};
				};
			};
			buildConfigurationList = 33A3A5772DA5E5E200DECF17 /* Build configuration list for PBXProject "AboutMeProject" */;
			developmentRegion = en;
			hasScannedForEncodings = 0;
			knownRegions = (
				en,
				Base,
			);
			mainGroup = 33A3A5732DA5E5E200DECF17;
			minimizedProjectReferenceProxies = 1;
			preferredProjectObjectVersion = 77;
			productRefGroup = 33A3A57D2DA5E5E300DECF17 /* Products */;
			projectDirPath = "";
			projectRoot = "";
			targets = (
				33A3A57B2DA5E5E200DECF17 /* AboutMeProject */,
				33A3A5882DA5E5E900DECF17 /* AboutMeProjectTests */,
				33A3A5922DA5E5E900DECF17 /* AboutMeProjectUITests */,
			);
		};
/* End PBXProject section */

/* Begin PBXResourcesBuildPhase section */
		33A3A57A2DA5E5E200DECF17 /* Resources */ = {
			isa = PBXResourcesBuildPhase;
			buildActionMask = 2147483647;
			files = (
			);
			runOnlyForDeploymentPostprocessing = 0;
		};
		33A3A5872DA5E5E900DECF17 /* Resources */ = {
			isa = PBXResourcesBuildPhase;
			buildActionMask = 2147483647;
			files = (
			);
			runOnlyForDeploymentPostprocessing = 0;
		};
		33A3A5912DA5E5E900DECF17 /* Resources */ = {
			isa = PBXResourcesBuildPhase;
			buildActionMask = 2147483647;
			files = (
			);
			runOnlyForDeploymentPostprocessing = 0;
		};
/* End PBXResourcesBuildPhase section */

/* Begin PBXSourcesBuildPhase section */
		33A3A5782DA5E5E200DECF17 /* Sources */ = {
			isa = PBXSourcesBuildPhase;
			buildActionMask = 2147483647;
			files = (
			);
			runOnlyForDeploymentPostprocessing = 0;
		};
		33A3A5852DA5E5E900DECF17 /* Sources */ = {
			isa = PBXSourcesBuildPhase;
			buildActionMask = 2147483647;
			files = (
			);
			runOnlyForDeploymentPostprocessing = 0;
		};
		33A3A58F2DA5E5E900DECF17 /* Sources */ = {
			isa = PBXSourcesBuildPhase;
			buildActionMask = 2147483647;
			files = (
			);
			runOnlyForDeploymentPostprocessing = 0;
		};
/* End PBXSourcesBuildPhase section */

/* Begin PBXTargetDependency section */
		33A3A58B2DA5E5E900DECF17 /* PBXTargetDependency */ = {
			isa = PBXTargetDependency;
			target = 33A3A57B2DA5E5E200DECF17 /* AboutMeProject */;
			targetProxy = 33A3A58A2DA5E5E900DECF17 /* PBXContainerItemProxy */;
		};
		33A3A5952DA5E5E900DECF17 /* PBXTargetDependency */ = {
			isa = PBXTargetDependency;
			target = 33A3A57B2DA5E5E200DECF17 /* AboutMeProject */;
			targetProxy = 33A3A5942DA5E5E900DECF17 /* PBXContainerItemProxy */;
		};
/* End PBXTargetDependency section */

/* Begin XCBuildConfiguration section */
		33A3A59B2DA5E5E900DECF17 /* Debug */ = {
			isa = XCBuildConfiguration;
			buildSettings = {
				ALWAYS_SEARCH_USER_PATHS = NO;
				ASSETCATALOG_COMPILER_GENERATE_SWIFT_ASSET_SYMBOL_EXTENSIONS = YES;
				CLANG_ANALYZER_NONNULL = YES;
				CLANG_ANALYZER_NUMBER_OBJECT_CONVERSION = YES_AGGRESSIVE;
				CLANG_CXX_LANGUAGE_STANDARD = "gnu++20";
				CLANG_ENABLE_MODULES = YES;
				CLANG_ENABLE_OBJC_ARC = YES;
				CLANG_ENABLE_OBJC_WEAK = YES;
				CLANG_WARN_BLOCK_CAPTURE_AUTORELEASING = YES;
				CLANG_WARN_BOOL_CONVERSION = YES;
				CLANG_WARN_COMMA = YES;
				CLANG_WARN_CONSTANT_CONVERSION = YES;
				CLANG_WARN_DEPRECATED_OBJC_IMPLEMENTATIONS = YES;
				CLANG_WARN_DIRECT_OBJC_ISA_USAGE = YES_ERROR;
				CLANG_WARN_DOCUMENTATION_COMMENTS = YES;
				CLANG_WARN_EMPTY_BODY = YES;
				CLANG_WARN_ENUM_CONVERSION = YES;
				CLANG_WARN_INFINITE_RECURSION = YES;
				CLANG_WARN_INT_CONVERSION = YES;
				CLANG_WARN_NON_LITERAL_NULL_CONVERSION = YES;
				CLANG_WARN_OBJC_IMPLICIT_RETAIN_SELF = YES;
				CLANG_WARN_OBJC_LITERAL_CONVERSION = YES;
				CLANG_WARN_OBJC_ROOT_CLASS = YES_ERROR;
				CLANG_WARN_QUOTED_INCLUDE_IN_FRAMEWORK_HEADER = YES;
				CLANG_WARN_RANGE_LOOP_ANALYSIS = YES;
				CLANG_WARN_STRICT_PROTOTYPES = YES;
				CLANG_WARN_SUSPICIOUS_MOVE = YES;
				CLANG_WARN_UNGUARDED_AVAILABILITY = YES_AGGRESSIVE;
				CLANG_WARN_UNREACHABLE_CODE = YES;
				CLANG_WARN__DUPLICATE_METHOD_MATCH = YES;
				COPY_PHASE_STRIP = NO;
				DEBUG_INFORMATION_FORMAT = dwarf;
				ENABLE_STRICT_OBJC_MSGSEND = YES;
				ENABLE_TESTABILITY = YES;
				ENABLE_USER_SCRIPT_SANDBOXING = YES;
				GCC_C_LANGUAGE_STANDARD = gnu17;
				GCC_DYNAMIC_NO_PIC = NO;
				GCC_NO_COMMON_BLOCKS = YES;
				GCC_OPTIMIZATION_LEVEL = 0;
				GCC_PREPROCESSOR_DEFINITIONS = (
					"DEBUG=1",
					"$(inherited)",
				);
				GCC_WARN_64_TO_32_BIT_CONVERSION = YES;
				GCC_WARN_ABOUT_RETURN_TYPE = YES_ERROR;
				GCC_WARN_UNDECLARED_SELECTOR = YES;
				GCC_WARN_UNINITIALIZED_AUTOS = YES_AGGRESSIVE;
				GCC_WARN_UNUSED_FUNCTION = YES;
				GCC_WARN_UNUSED_VARIABLE = YES;
				IPHONEOS_DEPLOYMENT_TARGET = 18.4;
				LOCALIZATION_PREFERS_STRING_CATALOGS = YES;
				MTL_ENABLE_DEBUG_INFO = INCLUDE_SOURCE;
				MTL_FAST_MATH = YES;
				ONLY_ACTIVE_ARCH = YES;
				SDKROOT = iphoneos;
				SWIFT_ACTIVE_COMPILATION_CONDITIONS = "DEBUG $(inherited)";
				SWIFT_OPTIMIZATION_LEVEL = "-Onone";
			};
			name = Debug;
		};
		33A3A59C2DA5E5E900DECF17 /* Release */ = {
			isa = XCBuildConfiguration;
			buildSettings = {
				ALWAYS_SEARCH_USER_PATHS = NO;
				ASSETCATALOG_COMPILER_GENERATE_SWIFT_ASSET_SYMBOL_EXTENSIONS = YES;
				CLANG_ANALYZER_NONNULL = YES;
				CLANG_ANALYZER_NUMBER_OBJECT_CONVERSION = YES_AGGRESSIVE;
				CLANG_CXX_LANGUAGE_STANDARD = "gnu++20";
				CLANG_ENABLE_MODULES = YES;
				CLANG_ENABLE_OBJC_ARC = YES;
				CLANG_ENABLE_OBJC_WEAK = YES;
				CLANG_WARN_BLOCK_CAPTURE_AUTORELEASING = YES;
				CLANG_WARN_BOOL_CONVERSION = YES;
				CLANG_WARN_COMMA = YES;
				CLANG_WARN_CONSTANT_CONVERSION = YES;
				CLANG_WARN_DEPRECATED_OBJC_IMPLEMENTATIONS = YES;
				CLANG_WARN_DIRECT_OBJC_ISA_USAGE = YES_ERROR;
				CLANG_WARN_DOCUMENTATION_COMMENTS = YES;
				CLANG_WARN_EMPTY_BODY = YES;
				CLANG_WARN_ENUM_CONVERSION = YES;
				CLANG_WARN_INFINITE_RECURSION = YES;
				CLANG_WARN_INT_CONVERSION = YES;
				CLANG_WARN_NON_LITERAL_NULL_CONVERSION = YES;
				CLANG_WARN_OBJC_IMPLICIT_RETAIN_SELF = YES;
				CLANG_WARN_OBJC_LITERAL_CONVERSION = YES;
				CLANG_WARN_OBJC_ROOT_CLASS = YES_ERROR;
				CLANG_WARN_QUOTED_INCLUDE_IN_FRAMEWORK_HEADER = YES;
				CLANG_WARN_RANGE_LOOP_ANALYSIS = YES;
				CLANG_WARN_STRICT_PROTOTYPES = YES;
				CLANG_WARN_SUSPICIOUS_MOVE = YES;
				CLANG_WARN_UNGUARDED_AVAILABILITY = YES_AGGRESSIVE;
				CLANG_WARN_UNREACHABLE_CODE = YES;
				CLANG_WARN__DUPLICATE_METHOD_MATCH = YES;
				COPY_PHASE_STRIP = NO;
				DEBUG_INFORMATION_FORMAT = "dwarf-with-dsym";
				ENABLE_NS_ASSERTIONS = NO;
				ENABLE_STRICT_OBJC_MSGSEND = YES;
				ENABLE_USER_SCRIPT_SANDBOXING = YES;
				GCC_C_LANGUAGE_STANDARD = gnu17;
				GCC_NO_COMMON_BLOCKS = YES;
				GCC_WARN_64_TO_32_BIT_CONVERSION = YES;
				GCC_WARN_ABOUT_RETURN_TYPE = YES_ERROR;
				GCC_WARN_UNDECLARED_SELECTOR = YES;
				GCC_WARN_UNINITIALIZED_AUTOS = YES_AGGRESSIVE;
				GCC_WARN_UNUSED_FUNCTION = YES;
				GCC_WARN_UNUSED_VARIABLE = YES;
				IPHONEOS_DEPLOYMENT_TARGET = 18.4;
				LOCALIZATION_PREFERS_STRING_CATALOGS = YES;
				MTL_ENABLE_DEBUG_INFO = NO;
				MTL_FAST_MATH = YES;
				SDKROOT = iphoneos;
				SWIFT_COMPILATION_MODE = wholemodule;
				VALIDATE_PRODUCT = YES;
			};
			name = Release;
		};
		33A3A59E2DA5E5E900DECF17 /* Debug */ = {
			isa = XCBuildConfiguration;
			buildSettings = {
				ASSETCATALOG_COMPILER_APPICON_NAME = AppIcon;
				ASSETCATALOG_COMPILER_GLOBAL_ACCENT_COLOR_NAME = AccentColor;
				CODE_SIGN_STYLE = Automatic;
				CURRENT_PROJECT_VERSION = 1;
				ENABLE_PREVIEWS = YES;
				GENERATE_INFOPLIST_FILE = YES;
				INFOPLIST_KEY_UIApplicationSceneManifest_Generation = YES;
				INFOPLIST_KEY_UIApplicationSupportsIndirectInputEvents = YES;
				INFOPLIST_KEY_UILaunchScreen_Generation = YES;
				INFOPLIST_KEY_UISupportedInterfaceOrientations_iPad = "UIInterfaceOrientationPortrait UIInterfaceOrientationPortraitUpsideDown UIInterfaceOrientationLandscapeLeft UIInterfaceOrientationLandscapeRight";
				INFOPLIST_KEY_UISupportedInterfaceOrientations_iPhone = "UIInterfaceOrientationPortrait UIInterfaceOrientationLandscapeLeft UIInterfaceOrientationLandscapeRight";
				LD_RUNPATH_SEARCH_PATHS = (
					"$(inherited)",
					"@executable_path/Frameworks",
				);
				MARKETING_VERSION = 1.0;
				PRODUCT_BUNDLE_IDENTIFIER = kwk.AboutMeProject;
				PRODUCT_NAME = "$(TARGET_NAME)";
				SWIFT_EMIT_LOC_STRINGS = YES;
				SWIFT_VERSION = 5.0;
				TARGETED_DEVICE_FAMILY = "1,2";
			};
			name = Debug;
		};
		33A3A59F2DA5E5E900DECF17 /* Release */ = {
			isa = XCBuildConfiguration;
			buildSettings = {
				ASSETCATALOG_COMPILER_APPICON_NAME = AppIcon;
				ASSETCATALOG_COMPILER_GLOBAL_ACCENT_COLOR_NAME = AccentColor;
				CODE_SIGN_STYLE = Automatic;
				CURRENT_PROJECT_VERSION = 1;
				ENABLE_PREVIEWS = YES;
				GENERATE_INFOPLIST_FILE = YES;
				INFOPLIST_KEY_UIApplicationSceneManifest_Generation = YES;
				INFOPLIST_KEY_UIApplicationSupportsIndirectInputEvents = YES;
				INFOPLIST_KEY_UILaunchScreen_Generation = YES;
				INFOPLIST_KEY_UISupportedInterfaceOrientations_iPad = "UIInterfaceOrientationPortrait UIInterfaceOrientationPortraitUpsideDown UIInterfaceOrientationLandscapeLeft UIInterfaceOrientationLandscapeRight";
				INFOPLIST_KEY_UISupportedInterfaceOrientations_iPhone = "UIInterfaceOrientationPortrait UIInterfaceOrientationLandscapeLeft UIInterfaceOrientationLandscapeRight";
				LD_RUNPATH_SEARCH_PATHS = (
					"$(inherited)",
					"@executable_path/Frameworks",
				);
				MARKETING_VERSION = 1.0;
				PRODUCT_BUNDLE_IDENTIFIER = kwk.AboutMeProject;
				PRODUCT_NAME = "$(TARGET_NAME)";
				SWIFT_EMIT_LOC_STRINGS = YES;
				SWIFT_VERSION = 5.0;
				TARGETED_DEVICE_FAMILY = "1,2";
			};
			name = Release;
		};
		33A3A5A12DA5E5E900DECF17 /* Debug */ = {
			isa = XCBuildConfiguration;
			buildSettings = {
				BUNDLE_LOADER = "$(TEST_HOST)";
				CODE_SIGN_STYLE = Automatic;
				CURRENT_PROJECT_VERSION = 1;
				GENERATE_INFOPLIST_FILE = YES;
				IPHONEOS_DEPLOYMENT_TARGET = 18.4;
				MARKETING_VERSION = 1.0;
				PRODUCT_BUNDLE_IDENTIFIER = kwk.AboutMeProjectTests;
				PRODUCT_NAME = "$(TARGET_NAME)";
				SWIFT_EMIT_LOC_STRINGS = NO;
				SWIFT_VERSION = 5.0;
				TARGETED_DEVICE_FAMILY = "1,2";
				TEST_HOST = "$(BUILT_PRODUCTS_DIR)/AboutMeProject.app/$(BUNDLE_EXECUTABLE_FOLDER_PATH)/AboutMeProject";
			};
			name = Debug;
		};
		33A3A5A22DA5E5E900DECF17 /* Release */ = {
			isa = XCBuildConfiguration;
			buildSettings = {
				BUNDLE_LOADER = "$(TEST_HOST)";
				CODE_SIGN_STYLE = Automatic;
				CURRENT_PROJECT_VERSION = 1;
				GENERATE_INFOPLIST_FILE = YES;
				IPHONEOS_DEPLOYMENT_TARGET = 18.4;
				MARKETING_VERSION = 1.0;
				PRODUCT_BUNDLE_IDENTIFIER = kwk.AboutMeProjectTests;
				PRODUCT_NAME = "$(TARGET_NAME)";
				SWIFT_EMIT_LOC_STRINGS = NO;
				SWIFT_VERSION = 5.0;
				TARGETED_DEVICE_FAMILY = "1,2";
				TEST_HOST = "$(BUILT_PRODUCTS_DIR)/AboutMeProject.app/$(BUNDLE_EXECUTABLE_FOLDER_PATH)/AboutMeProject";
			};
			name = Release;
		};
		33A3A5A42DA5E5E900DECF17 /* Debug */ = {
			isa = XCBuildConfiguration;
			buildSettings = {
				CODE_SIGN_STYLE = Automatic;
				CURRENT_PROJECT_VERSION = 1;
				GENERATE_INFOPLIST_FILE = YES;
				MARKETING_VERSION = 1.0;
				PRODUCT_BUNDLE_IDENTIFIER = kwk.AboutMeProjectUITests;
				PRODUCT_NAME = "$(TARGET_NAME)";
				SWIFT_EMIT_LOC_STRINGS = NO;
				SWIFT_VERSION = 5.0;
				TARGETED_DEVICE_FAMILY = "1,2";
				TEST_TARGET_NAME = AboutMeProject;
			};
			name = Debug;
		};
		33A3A5A52DA5E5E900DECF17 /* Release */ = {
			isa = XCBuildConfiguration;
			buildSettings = {
				CODE_SIGN_STYLE = Automatic;
				CURRENT_PROJECT_VERSION = 1;
				GENERATE_INFOPLIST_FILE = YES;
				MARKETING_VERSION = 1.0;
				PRODUCT_BUNDLE_IDENTIFIER = kwk.AboutMeProjectUITests;
				PRODUCT_NAME = "$(TARGET_NAME)";
				SWIFT_EMIT_LOC_STRINGS = NO;
				SWIFT_VERSION = 5.0;
				TARGETED_DEVICE_FAMILY = "1,2";
				TEST_TARGET_NAME = AboutMeProject;
			};
			name = Release;
		};
/* End XCBuildConfiguration section */

/* Begin XCConfigurationList section */
		33A3A5772DA5E5E200DECF17 /* Build configuration list for PBXProject "AboutMeProject" */ = {
			isa = XCConfigurationList;
			buildConfigurations = (
				33A3A59B2DA5E5E900DECF17 /* Debug */,
				33A3A59C2DA5E5E900DECF17 /* Release */,
			);
			defaultConfigurationIsVisible = 0;
			defaultConfigurationName = Release;
		};
		33A3A59D2DA5E5E900DECF17 /* Build configuration list for PBXNativeTarget "AboutMeProject" */ = {
			isa = XCConfigurationList;
			buildConfigurations = (
				33A3A59E2DA5E5E900DECF17 /* Debug */,
				33A3A59F2DA5E5E900DECF17 /* Release */,
			);
			defaultConfigurationIsVisible = 0;
			defaultConfigurationName = Release;
		};
		33A3A5A02DA5E5E900DECF17 /* Build configuration list for PBXNativeTarget "AboutMeProjectTests" */ = {
			isa = XCConfigurationList;
			buildConfigurations = (
				33A3A5A12DA5E5E900DECF17 /* Debug */,
				33A3A5A22DA5E5E900DECF17 /* Release */,
			);
			defaultConfigurationIsVisible = 0;
			defaultConfigurationName = Release;
		};
		33A3A5A32DA5E5E900DECF17 /* Build configuration list for PBXNativeTarget "AboutMeProjectUITests" */ = {
			isa = XCConfigurationList;
			buildConfigurations = (
				33A3A5A42DA5E5E900DECF17 /* Debug */,
				33A3A5A52DA5E5E900DECF17 /* Release */,
			);
			defaultConfigurationIsVisible = 0;
			defaultConfigurationName = Release;
		};
/* End XCConfigurationList section */
	};
	rootObject = 33A3A5742DA5E5E200DECF17 /* Project object */;
}
